// !$*UTF8*$!
{
	archiveVersion = 1;
	classes = {
	};
	objectVersion = 46;
	objects = {

/* Begin PBXBuildFile section */
		9839E1891A330BF7006817BF /* main.m in Sources */ = {isa = PBXBuildFile; fileRef = 9839E1881A330BF7006817BF /* main.m */; };
		9839E18C1A330BF7006817BF /* AppDelegate.m in Sources */ = {isa = PBXBuildFile; fileRef = 9839E18B1A330BF7006817BF /* AppDelegate.m */; };
		9839E18F1A330BF7006817BF /* ViewController.m in Sources */ = {isa = PBXBuildFile; fileRef = 9839E18E1A330BF7006817BF /* ViewController.m */; };
		9839E1921A330BF7006817BF /* Main.storyboard in Resources */ = {isa = PBXBuildFile; fileRef = 9839E1901A330BF7006817BF /* Main.storyboard */; };
		9839E1941A330BF7006817BF /* Images.xcassets in Resources */ = {isa = PBXBuildFile; fileRef = 9839E1931A330BF7006817BF /* Images.xcassets */; };
		9839E1971A330BF7006817BF /* LaunchScreen.xib in Resources */ = {isa = PBXBuildFile; fileRef = 9839E1951A330BF7006817BF /* LaunchScreen.xib */; };
		9839E1EA1A348E2E006817BF /* cl_bridge.c in Sources */ = {isa = PBXBuildFile; fileRef = 9839E1E91A348E2E006817BF /* cl_bridge.c */; };
/* End PBXBuildFile section */

/* Begin PBXFileReference section */
		9839E1831A330BF7006817BF /* OpenCL_iOS.app */ = {isa = PBXFileReference; explicitFileType = wrapper.application; includeInIndex = 0; path = OpenCL_iOS.app; sourceTree = BUILT_PRODUCTS_DIR; };
		9839E1871A330BF7006817BF /* Info.plist */ = {isa = PBXFileReference; lastKnownFileType = text.plist.xml; path = Info.plist; sourceTree = "<group>"; };
		9839E1881A330BF7006817BF /* main.m */ = {isa = PBXFileReference; lastKnownFileType = sourcecode.c.objc; path = main.m; sourceTree = "<group>"; };
		9839E18A1A330BF7006817BF /* AppDelegate.h */ = {isa = PBXFileReference; lastKnownFileType = sourcecode.c.h; path = AppDelegate.h; sourceTree = "<group>"; };
		9839E18B1A330BF7006817BF /* AppDelegate.m */ = {isa = PBXFileReference; lastKnownFileType = sourcecode.c.objc; path = AppDelegate.m; sourceTree = "<group>"; };
		9839E18D1A330BF7006817BF /* ViewController.h */ = {isa = PBXFileReference; lastKnownFileType = sourcecode.c.h; path = ViewController.h; sourceTree = "<group>"; };
		9839E18E1A330BF7006817BF /* ViewController.m */ = {isa = PBXFileReference; lastKnownFileType = sourcecode.c.objc; path = ViewController.m; sourceTree = "<group>"; };
		9839E1911A330BF7006817BF /* Base */ = {isa = PBXFileReference; lastKnownFileType = file.storyboard; name = Base; path = Base.lproj/Main.storyboard; sourceTree = "<group>"; };
		9839E1931A330BF7006817BF /* Images.xcassets */ = {isa = PBXFileReference; lastKnownFileType = folder.assetcatalog; path = Images.xcassets; sourceTree = "<group>"; };
		9839E1961A330BF7006817BF /* Base */ = {isa = PBXFileReference; lastKnownFileType = file.xib; name = Base; path = Base.lproj/LaunchScreen.xib; sourceTree = "<group>"; };
		9839E1A11A330BF7006817BF /* Info.plist */ = {isa = PBXFileReference; lastKnownFileType = text.plist.xml; path = Info.plist; sourceTree = "<group>"; };
		9839E1A21A330BF7006817BF /* OpenCL_iOSTests.m */ = {isa = PBXFileReference; lastKnownFileType = sourcecode.c.objc; path = OpenCL_iOSTests.m; sourceTree = "<group>"; };
		9839E1E91A348E2E006817BF /* cl_bridge.c */ = {isa = PBXFileReference; fileEncoding = 4; lastKnownFileType = sourcecode.c.c; name = cl_bridge.c; path = src/cl_bridge.c; sourceTree = SOURCE_ROOT; };
/* End PBXFileReference section */

/* Begin PBXFrameworksBuildPhase section */
		9839E1801A330BF7006817BF /* Frameworks */ = {
			isa = PBXFrameworksBuildPhase;
			buildActionMask = 2147483647;
			files = (
			);
			runOnlyForDeploymentPostprocessing = 0;
		};
/* End PBXFrameworksBuildPhase section */

/* Begin PBXGroup section */
		9839E17A1A330BF7006817BF = {
			isa = PBXGroup;
			children = (
				9839E1851A330BF7006817BF /* OpenCL_iOS */,
				9839E19F1A330BF7006817BF /* OpenCL_iOSTests */,
				9839E1841A330BF7006817BF /* Products */,
			);
			sourceTree = "<group>";
		};
		9839E1841A330BF7006817BF /* Products */ = {
			isa = PBXGroup;
			children = (
				9839E1831A330BF7006817BF /* OpenCL_iOS.app */,
			);
			name = Products;
			sourceTree = "<group>";
		};
		9839E1851A330BF7006817BF /* OpenCL_iOS */ = {
			isa = PBXGroup;
			children = (
				9839E1E91A348E2E006817BF /* cl_bridge.c */,
				9839E18A1A330BF7006817BF /* AppDelegate.h */,
				9839E18B1A330BF7006817BF /* AppDelegate.m */,
				9839E18D1A330BF7006817BF /* ViewController.h */,
				9839E18E1A330BF7006817BF /* ViewController.m */,
				9839E1901A330BF7006817BF /* Main.storyboard */,
				9839E1931A330BF7006817BF /* Images.xcassets */,
				9839E1951A330BF7006817BF /* LaunchScreen.xib */,
				9839E1861A330BF7006817BF /* Supporting Files */,
			);
			path = OpenCL_iOS;
			sourceTree = "<group>";
		};
		9839E1861A330BF7006817BF /* Supporting Files */ = {
			isa = PBXGroup;
			children = (
				9839E1871A330BF7006817BF /* Info.plist */,
				9839E1881A330BF7006817BF /* main.m */,
			);
			name = "Supporting Files";
			sourceTree = "<group>";
		};
		9839E19F1A330BF7006817BF /* OpenCL_iOSTests */ = {
			isa = PBXGroup;
			children = (
				9839E1A21A330BF7006817BF /* OpenCL_iOSTests.m */,
				9839E1A01A330BF7006817BF /* Supporting Files */,
			);
			path = OpenCL_iOSTests;
			sourceTree = "<group>";
		};
		9839E1A01A330BF7006817BF /* Supporting Files */ = {
			isa = PBXGroup;
			children = (
				9839E1A11A330BF7006817BF /* Info.plist */,
			);
			name = "Supporting Files";
			sourceTree = "<group>";
		};
/* End PBXGroup section */

/* Begin PBXNativeTarget section */
		9839E1821A330BF7006817BF /* OpenCL_iOS */ = {
			isa = PBXNativeTarget;
			buildConfigurationList = 9839E1A61A330BF7006817BF /* Build configuration list for PBXNativeTarget "OpenCL_iOS" */;
			buildPhases = (
				9839E17F1A330BF7006817BF /* Sources */,
				9839E1801A330BF7006817BF /* Frameworks */,
				9839E1811A330BF7006817BF /* Resources */,
			);
			buildRules = (
			);
			dependencies = (
			);
			name = OpenCL_iOS;
			productName = OpenCL_iOS;
			productReference = 9839E1831A330BF7006817BF /* OpenCL_iOS.app */;
			productType = "com.apple.product-type.application";
		};
/* End PBXNativeTarget section */

/* Begin PBXProject section */
		9839E17B1A330BF7006817BF /* Project object */ = {
			isa = PBXProject;
			attributes = {
				LastUpgradeCheck = 0610;
				ORGANIZATIONNAME = monadworks;
				TargetAttributes = {
					9839E1821A330BF7006817BF = {
						CreatedOnToolsVersion = 6.1;
					};
				};
			};
			buildConfigurationList = 9839E17E1A330BF7006817BF /* Build configuration list for PBXProject "OpenCL_iOS" */;
			compatibilityVersion = "Xcode 3.2";
			developmentRegion = English;
			hasScannedForEncodings = 0;
			knownRegions = (
				en,
				Base,
			);
			mainGroup = 9839E17A1A330BF7006817BF;
			productRefGroup = 9839E1841A330BF7006817BF /* Products */;
			projectDirPath = "";
			projectRoot = "";
			targets = (
				9839E1821A330BF7006817BF /* OpenCL_iOS */,
			);
		};
/* End PBXProject section */

/* Begin PBXResourcesBuildPhase section */
		9839E1811A330BF7006817BF /* Resources */ = {
			isa = PBXResourcesBuildPhase;
			buildActionMask = 2147483647;
			files = (
				9839E1921A330BF7006817BF /* Main.storyboard in Resources */,
				9839E1971A330BF7006817BF /* LaunchScreen.xib in Resources */,
				9839E1941A330BF7006817BF /* Images.xcassets in Resources */,
			);
			runOnlyForDeploymentPostprocessing = 0;
		};
/* End PBXResourcesBuildPhase section */

/* Begin PBXSourcesBuildPhase section */
		9839E17F1A330BF7006817BF /* Sources */ = {
			isa = PBXSourcesBuildPhase;
			buildActionMask = 2147483647;
			files = (
				9839E18F1A330BF7006817BF /* ViewController.m in Sources */,
				9839E18C1A330BF7006817BF /* AppDelegate.m in Sources */,
				9839E1891A330BF7006817BF /* main.m in Sources */,
				9839E1EA1A348E2E006817BF /* cl_bridge.c in Sources */,
			);
			runOnlyForDeploymentPostprocessing = 0;
		};
/* End PBXSourcesBuildPhase section */

/* Begin PBXVariantGroup section */
		9839E1901A330BF7006817BF /* Main.storyboard */ = {
			isa = PBXVariantGroup;
			children = (
				9839E1911A330BF7006817BF /* Base */,
			);
			name = Main.storyboard;
			sourceTree = "<group>";
		};
		9839E1951A330BF7006817BF /* LaunchScreen.xib */ = {
			isa = PBXVariantGroup;
			children = (
				9839E1961A330BF7006817BF /* Base */,
			);
			name = LaunchScreen.xib;
			sourceTree = "<group>";
		};
/* End PBXVariantGroup section */

/* Begin XCBuildConfiguration section */
		9839E1A41A330BF7006817BF /* Debug */ = {
			isa = XCBuildConfiguration;
			buildSettings = {
				ALWAYS_SEARCH_USER_PATHS = NO;
				CLANG_CXX_LANGUAGE_STANDARD = "gnu++0x";
				CLANG_CXX_LIBRARY = "libc++";
				CLANG_ENABLE_MODULES = YES;
				CLANG_ENABLE_OBJC_ARC = YES;
				CLANG_WARN_BOOL_CONVERSION = YES;
				CLANG_WARN_CONSTANT_CONVERSION = YES;
				CLANG_WARN_DIRECT_OBJC_ISA_USAGE = YES_ERROR;
				CLANG_WARN_EMPTY_BODY = YES;
				CLANG_WARN_ENUM_CONVERSION = YES;
				CLANG_WARN_INT_CONVERSION = YES;
				CLANG_WARN_OBJC_ROOT_CLASS = YES_ERROR;
				CLANG_WARN_UNREACHABLE_CODE = YES;
				CLANG_WARN__DUPLICATE_METHOD_MATCH = YES;
				"CODE_SIGN_IDENTITY[sdk=iphoneos*]" = "iPhone Developer";
				COPY_PHASE_STRIP = NO;
				ENABLE_STRICT_OBJC_MSGSEND = YES;
				GCC_C_LANGUAGE_STANDARD = gnu11;
				GCC_DYNAMIC_NO_PIC = NO;
				GCC_OPTIMIZATION_LEVEL = 0;
				GCC_PREPROCESSOR_DEFINITIONS = (
					"DEBUG=1",
					"$(inherited)",
				);
				GCC_SYMBOLS_PRIVATE_EXTERN = NO;
				GCC_WARN_64_TO_32_BIT_CONVERSION = YES;
				GCC_WARN_ABOUT_RETURN_TYPE = YES_ERROR;
				GCC_WARN_UNDECLARED_SELECTOR = YES;
				GCC_WARN_UNINITIALIZED_AUTOS = YES_AGGRESSIVE;
				GCC_WARN_UNUSED_FUNCTION = YES;
				GCC_WARN_UNUSED_VARIABLE = YES;
				IPHONEOS_DEPLOYMENT_TARGET = 8.1;
				MTL_ENABLE_DEBUG_INFO = YES;
				ONLY_ACTIVE_ARCH = YES;
				SDKROOT = iphoneos;
				TARGETED_DEVICE_FAMILY = "1,2";
			};
			name = Debug;
		};
		9839E1A51A330BF7006817BF /* Release */ = {
			isa = XCBuildConfiguration;
			buildSettings = {
				ALWAYS_SEARCH_USER_PATHS = NO;
				CLANG_CXX_LANGUAGE_STANDARD = "gnu++0x";
				CLANG_CXX_LIBRARY = "libc++";
				CLANG_ENABLE_MODULES = YES;
				CLANG_ENABLE_OBJC_ARC = YES;
				CLANG_WARN_BOOL_CONVERSION = YES;
				CLANG_WARN_CONSTANT_CONVERSION = YES;
				CLANG_WARN_DIRECT_OBJC_ISA_USAGE = YES_ERROR;
				CLANG_WARN_EMPTY_BODY = YES;
				CLANG_WARN_ENUM_CONVERSION = YES;
				CLANG_WARN_INT_CONVERSION = YES;
				CLANG_WARN_OBJC_ROOT_CLASS = YES_ERROR;
				CLANG_WARN_UNREACHABLE_CODE = YES;
				CLANG_WARN__DUPLICATE_METHOD_MATCH = YES;
				"CODE_SIGN_IDENTITY[sdk=iphoneos*]" = "iPhone Developer";
				COPY_PHASE_STRIP = YES;
				ENABLE_NS_ASSERTIONS = NO;
				ENABLE_STRICT_OBJC_MSGSEND = YES;
				GCC_C_LANGUAGE_STANDARD = gnu11;
				GCC_WARN_64_TO_32_BIT_CONVERSION = YES;
				GCC_WARN_ABOUT_RETURN_TYPE = YES_ERROR;
				GCC_WARN_UNDECLARED_SELECTOR = YES;
				GCC_WARN_UNINITIALIZED_AUTOS = YES_AGGRESSIVE;
				GCC_WARN_UNUSED_FUNCTION = YES;
				GCC_WARN_UNUSED_VARIABLE = YES;
				IPHONEOS_DEPLOYMENT_TARGET = 8.1;
				MTL_ENABLE_DEBUG_INFO = NO;
				SDKROOT = iphoneos;
				TARGETED_DEVICE_FAMILY = "1,2";
				VALIDATE_PRODUCT = YES;
			};
			name = Release;
		};
		9839E1A71A330BF7006817BF /* Debug */ = {
			isa = XCBuildConfiguration;
			buildSettings = {
				ASSETCATALOG_COMPILER_APPICON_NAME = AppIcon;
				HEADER_SEARCH_PATHS = (
					"$(inherited)",
					/Applications/Xcode.app/Contents/Developer/Toolchains/XcodeDefault.xctoolchain/usr/include,
					"$(SRCROOT)/include",
				);
				INFOPLIST_FILE = OpenCL_iOS/Info.plist;
				IPHONEOS_DEPLOYMENT_TARGET = 6.1;
				LD_RUNPATH_SEARCH_PATHS = "$(inherited) @executable_path/Frameworks";
				LIBRARY_SEARCH_PATHS = (
					"$(inherited)",
					"$(DEVELOPER_DIR)/Platforms/iPhoneOS.platform/Developer/SDKs/iPhoneOS.sdk/System/Library/Frameworks/IOKit.framework/Versions/A",
					"$(PROJECT_DIR)/OpenCL_iOS",
				);
				ONLY_ACTIVE_ARCH = YES;
				PRODUCT_NAME = "$(TARGET_NAME)";
				VALID_ARCHS = "armv7 armv7s arm64";
			};
			name = Debug;
		};
		9839E1A81A330BF7006817BF /* Release */ = {
			isa = XCBuildConfiguration;
			buildSettings = {
				ASSETCATALOG_COMPILER_APPICON_NAME = AppIcon;
				HEADER_SEARCH_PATHS = (
					"$(inherited)",
					/Applications/Xcode.app/Contents/Developer/Toolchains/XcodeDefault.xctoolchain/usr/include,
					"$(SRCROOT)/include",
				);
				INFOPLIST_FILE = OpenCL_iOS/Info.plist;
				IPHONEOS_DEPLOYMENT_TARGET = 6.1;
				LD_RUNPATH_SEARCH_PATHS = "$(inherited) @executable_path/Frameworks";
				LIBRARY_SEARCH_PATHS = (
					"$(inherited)",
					"$(DEVELOPER_DIR)/Platforms/iPhoneOS.platform/Developer/SDKs/iPhoneOS.sdk/System/Library/Frameworks/IOKit.framework/Versions/A",
					"$(PROJECT_DIR)/OpenCL_iOS",
				);
				PRODUCT_NAME = "$(TARGET_NAME)";
				VALID_ARCHS = "armv7 armv7s arm64";
			};
			name = Release;
		};
/* End XCBuildConfiguration section */

/* Begin XCConfigurationList section */
		9839E17E1A330BF7006817BF /* Build configuration list for PBXProject "OpenCL_iOS" */ = {
			isa = XCConfigurationList;
			buildConfigurations = (
				9839E1A41A330BF7006817BF /* Debug */,
				9839E1A51A330BF7006817BF /* Release */,
			);
			defaultConfigurationIsVisible = 0;
			defaultConfigurationName = Release;
		};
		9839E1A61A330BF7006817BF /* Build configuration list for PBXNativeTarget "OpenCL_iOS" */ = {
			isa = XCConfigurationList;
			buildConfigurations = (
				9839E1A71A330BF7006817BF /* Debug */,
				9839E1A81A330BF7006817BF /* Release */,
			);
			defaultConfigurationIsVisible = 0;
		};
/* End XCConfigurationList section */
	};
	rootObject = 9839E17B1A330BF7006817BF /* Project object */;
}
